
Microsoft Visual Studio Solution File, Format Version 12.00
# Visual Studio Version 16
VisualStudioVersion = 16.0.30204.135
MinimumVisualStudioVersion = 10.0.40219.1
Project("{FAE04EC0-301F-11D3-BF4B-00C04F79EFBC}") = "Passwords", "Passwords\Passwords.csproj", "{80DD01D1-ABD0-4ADC-9350-D7B783B265DF}"
EndProject
Global
	GlobalSection(SolutionConfigurationPlatforms) = preSolution
		Debug|Any CPU = Debug|Any CPU
		Release|Any CPU = Release|Any CPU
	EndGlobalSection
	GlobalSection(ProjectConfigurationPlatforms) = postSolution
		{80DD01D1-ABD0-4ADC-9350-D7B783B265DF}.Debug|Any CPU.ActiveCfg = Debug|Any CPU
		{80DD01D1-ABD0-4ADC-9350-D7B783B265DF}.Debug|Any CPU.Build.0 = Debug|Any CPU
		{80DD01D1-ABD0-4ADC-9350-D7B783B265DF}.Release|Any CPU.ActiveCfg = Release|Any CPU
		{80DD01D1-ABD0-4ADC-9350-D7B783B265DF}.Release|Any CPU.Build.0 = Release|Any CPU
	EndGlobalSection
	GlobalSection(SolutionProperties) = preSolution
		HideSolutionNode = FALSE
	EndGlobalSection
	GlobalSection(ExtensibilityGlobals) = postSolution
		SolutionGuid = {EBEADB99-75F4-4C26-8D28-A8021668A30A}
	EndGlobalSection
EndGlobal
